
Microsoft Visual Studio Solution File, Format Version 12.00
# Visual Studio Version 17
VisualStudioVersion = 17.11.35327.3
MinimumVisualStudioVersion = 10.0.40219.1
Project("{9A19103F-16F7-4668-BE54-9A1E7A4F7556}") = "PokemonReviewApp", "PokemonReviewApp\PokemonReviewApp.csproj", "{8E90EBFE-EFBE-494E-A9D5-14D182B75196}"
EndProject
Global
	GlobalSection(SolutionConfigurationPlatforms) = preSolution
		Debug|Any CPU = Debug|Any CPU
		Release|Any CPU = Release|Any CPU
	EndGlobalSection
	GlobalSection(ProjectConfigurationPlatforms) = postSolution
		{8E90EBFE-EFBE-494E-A9D5-14D182B75196}.Debug|Any CPU.ActiveCfg = Debug|Any CPU
		{8E90EBFE-EFBE-494E-A9D5-14D182B75196}.Debug|Any CPU.Build.0 = Debug|Any CPU
		{8E90EBFE-EFBE-494E-A9D5-14D182B75196}.Release|Any CPU.ActiveCfg = Release|Any CPU
		{8E90EBFE-EFBE-494E-A9D5-14D182B75196}.Release|Any CPU.Build.0 = Release|Any CPU
	EndGlobalSection
	GlobalSection(SolutionProperties) = preSolution
		HideSolutionNode = FALSE
	EndGlobalSection
	GlobalSection(ExtensibilityGlobals) = postSolution
		SolutionGuid = {19AFE82C-D00D-4915-8E03-71FD5F598602}
	EndGlobalSection
EndGlobal
